
Microsoft Visual Studio Solution File, Format Version 12.00
# Visual Studio Version 17
VisualStudioVersion = 17.3.32901.215
MinimumVisualStudioVersion = 10.0.40219.1
Project("{FAE04EC0-301F-11D3-BF4B-00C04F79EFBC}") = "SummerPractice4119", "SummerPractice4119\SummerPractice4119.csproj", "{74E312D7-6070-4938-A1CE-92DDDD82C3FA}"
EndProject
Global
	GlobalSection(SolutionConfigurationPlatforms) = preSolution
		Debug|Any CPU = Debug|Any CPU
		Release|Any CPU = Release|Any CPU
	EndGlobalSection
	GlobalSection(ProjectConfigurationPlatforms) = postSolution
		{74E312D7-6070-4938-A1CE-92DDDD82C3FA}.Debug|Any CPU.ActiveCfg = Debug|Any CPU
		{74E312D7-6070-4938-A1CE-92DDDD82C3FA}.Debug|Any CPU.Build.0 = Debug|Any CPU
		{74E312D7-6070-4938-A1CE-92DDDD82C3FA}.Release|Any CPU.ActiveCfg = Release|Any CPU
		{74E312D7-6070-4938-A1CE-92DDDD82C3FA}.Release|Any CPU.Build.0 = Release|Any CPU
	EndGlobalSection
	GlobalSection(SolutionProperties) = preSolution
		HideSolutionNode = FALSE
	EndGlobalSection
	GlobalSection(ExtensibilityGlobals) = postSolution
		SolutionGuid = {4363FEE2-F6C1-4E6B-8642-AF443FA5B0C1}
	EndGlobalSection
EndGlobal
